
Microsoft Visual Studio Solution File, Format Version 12.00
# Visual Studio Version 16
VisualStudioVersion = 16.0.30611.23
MinimumVisualStudioVersion = 10.0.40219.1
Project("{FAE04EC0-301F-11D3-BF4B-00C04F79EFBC}") = "IPOW", "IPOW\IPOW.csproj", "{DCD0464E-8A29-4830-8A80-DA35C9BCDF7A}"
EndProject
Global
	GlobalSection(SolutionConfigurationPlatforms) = preSolution
		Debug|Any CPU = Debug|Any CPU
		Release|Any CPU = Release|Any CPU
	EndGlobalSection
	GlobalSection(ProjectConfigurationPlatforms) = postSolution
		{DCD0464E-8A29-4830-8A80-DA35C9BCDF7A}.Debug|Any CPU.ActiveCfg = Debug|Any CPU
		{DCD0464E-8A29-4830-8A80-DA35C9BCDF7A}.Debug|Any CPU.Build.0 = Debug|Any CPU
		{DCD0464E-8A29-4830-8A80-DA35C9BCDF7A}.Release|Any CPU.ActiveCfg = Release|Any CPU
		{DCD0464E-8A29-4830-8A80-DA35C9BCDF7A}.Release|Any CPU.Build.0 = Release|Any CPU
	EndGlobalSection
	GlobalSection(SolutionProperties) = preSolution
		HideSolutionNode = FALSE
	EndGlobalSection
	GlobalSection(ExtensibilityGlobals) = postSolution
		SolutionGuid = {C2918F00-1015-47E9-92EA-2A2A6559C704}
	EndGlobalSection
EndGlobal
